
Microsoft Visual Studio Solution File, Format Version 12.00
# Visual Studio Version 16
VisualStudioVersion = 16.0.31702.278
MinimumVisualStudioVersion = 10.0.40219.1
Project("{FAE04EC0-301F-11D3-BF4B-00C04F79EFBC}") = "DATA", "DATA\DATA.csproj", "{02F6704C-5C2E-46C2-8A07-DC971CF36309}"
EndProject
Project("{FAE04EC0-301F-11D3-BF4B-00C04F79EFBC}") = "DOMAIN", "DOMAIN\DOMAIN.csproj", "{5509545B-FA02-4D15-8164-676D0DD9A9A2}"
EndProject
Project("{FAE04EC0-301F-11D3-BF4B-00C04F79EFBC}") = "PRESENTATION", "PRESENTATION\PRESENTATION.csproj", "{95D027EF-EDA2-48BE-944A-14438F2CCC0A}"
EndProject
Global
	GlobalSection(SolutionConfigurationPlatforms) = preSolution
		Debug|Any CPU = Debug|Any CPU
		Release|Any CPU = Release|Any CPU
	EndGlobalSection
	GlobalSection(ProjectConfigurationPlatforms) = postSolution
		{02F6704C-5C2E-46C2-8A07-DC971CF36309}.Debug|Any CPU.ActiveCfg = Debug|Any CPU
		{02F6704C-5C2E-46C2-8A07-DC971CF36309}.Debug|Any CPU.Build.0 = Debug|Any CPU
		{02F6704C-5C2E-46C2-8A07-DC971CF36309}.Release|Any CPU.ActiveCfg = Release|Any CPU
		{02F6704C-5C2E-46C2-8A07-DC971CF36309}.Release|Any CPU.Build.0 = Release|Any CPU
		{5509545B-FA02-4D15-8164-676D0DD9A9A2}.Debug|Any CPU.ActiveCfg = Debug|Any CPU
		{5509545B-FA02-4D15-8164-676D0DD9A9A2}.Debug|Any CPU.Build.0 = Debug|Any CPU
		{5509545B-FA02-4D15-8164-676D0DD9A9A2}.Release|Any CPU.ActiveCfg = Release|Any CPU
		{5509545B-FA02-4D15-8164-676D0DD9A9A2}.Release|Any CPU.Build.0 = Release|Any CPU
		{95D027EF-EDA2-48BE-944A-14438F2CCC0A}.Debug|Any CPU.ActiveCfg = Debug|Any CPU
		{95D027EF-EDA2-48BE-944A-14438F2CCC0A}.Debug|Any CPU.Build.0 = Debug|Any CPU
		{95D027EF-EDA2-48BE-944A-14438F2CCC0A}.Release|Any CPU.ActiveCfg = Release|Any CPU
		{95D027EF-EDA2-48BE-944A-14438F2CCC0A}.Release|Any CPU.Build.0 = Release|Any CPU
	EndGlobalSection
	GlobalSection(SolutionProperties) = preSolution
		HideSolutionNode = FALSE
	EndGlobalSection
	GlobalSection(ExtensibilityGlobals) = postSolution
		SolutionGuid = {276F6052-24A5-43D6-9A3C-425ED3361E9C}
	EndGlobalSection
EndGlobal
